
Microsoft Visual Studio Solution File, Format Version 10.00
# Visual Studio 2008
Project("{8BC9CEB8-8B4A-11D0-8D11-00A0C91BC942}") = "qfiles", "qfiles.vcproj", "{E1CE86A7-03A1-451E-8BCD-F1CFF82822D0}"
EndProject
Global
	GlobalSection(SolutionConfigurationPlatforms) = preSolution
		Debug|Win32 = Debug|Win32
		Debug|x64 = Debug|x64
		Release|Win32 = Release|Win32
		Release|x64 = Release|x64
	EndGlobalSection
	GlobalSection(ProjectConfigurationPlatforms) = postSolution
		{E1CE86A7-03A1-451E-8BCD-F1CFF82822D0}.Debug|Win32.ActiveCfg = Debug|Win32
		{E1CE86A7-03A1-451E-8BCD-F1CFF82822D0}.Debug|Win32.Build.0 = Debug|Win32
		{E1CE86A7-03A1-451E-8BCD-F1CFF82822D0}.Debug|x64.ActiveCfg = Debug|x64
		{E1CE86A7-03A1-451E-8BCD-F1CFF82822D0}.Debug|x64.Build.0 = Debug|x64
		{E1CE86A7-03A1-451E-8BCD-F1CFF82822D0}.Release|Win32.ActiveCfg = Release|Win32
		{E1CE86A7-03A1-451E-8BCD-F1CFF82822D0}.Release|Win32.Build.0 = Release|Win32
		{E1CE86A7-03A1-451E-8BCD-F1CFF82822D0}.Release|x64.ActiveCfg = Release|x64
		{E1CE86A7-03A1-451E-8BCD-F1CFF82822D0}.Release|x64.Build.0 = Release|x64
	EndGlobalSection
	GlobalSection(SolutionProperties) = preSolution
		HideSolutionNode = FALSE
	EndGlobalSection
EndGlobal
