<?xml version="1.0" encoding="utf-8"?>
<Project ToolsVersion="4.0" xmlns="http://schemas.microsoft.com/developer/msbuild/2003">
  <ItemGroup>
    <Filter Include="Source Files">
      <UniqueIdentifier>{4FC737F1-C7A5-4376-A066-2A32D752A2FF}</UniqueIdentifier>
      <Extensions>cpp;c;cc;cxx;def;odl;idl;hpj;bat;asm;asmx</Extensions>
    </Filter>
    <Filter Include="Header Files">
      <UniqueIdentifier>{93995380-89BD-4b04-88EB-625FBE52EBFB}</UniqueIdentifier>
      <Extensions>h;hpp;hxx;hm;inl;inc;xsd</Extensions>
    </Filter>
    <Filter Include="Resource Files">
      <UniqueIdentifier>{67DA6AB6-F800-4c08-8B7A-83BB121AAD01}</UniqueIdentifier>
      <Extensions>rc;ico;cur;bmp;dlg;rc2;rct;bin;rgs;gif;jpg;jpeg;jpe;resx;tiff;tif;png;wav</Extensions>
    </Filter>
  </ItemGroup>
  <ItemGroup>
    <ClCompile Include="..\h2shared\cmd.c">
      <Filter>Source Files</Filter>
    </ClCompile>
    <ClCompile Include="..\h2shared\common.c">
      <Filter>Source Files</Filter>
    </ClCompile>
    <ClCompile Include="..\..\common\crc.c">
      <Filter>Source Files</Filter>
    </ClCompile>
    <ClCompile Include="..\h2shared\cvar.c">
      <Filter>Source Files</Filter>
    </ClCompile>
    <ClCompile Include="..\h2shared\debuglog.c">
      <Filter>Source Files</Filter>
    </ClCompile>
    <ClCompile Include="server\host.c">
      <Filter>Source Files</Filter>
    </ClCompile>
    <ClCompile Include="server\host_cmd.c">
      <Filter>Source Files</Filter>
    </ClCompile>
    <ClCompile Include="..\h2shared\link_ops.c">
      <Filter>Source Files</Filter>
    </ClCompile>
    <ClCompile Include="..\h2shared\mathlib.c">
      <Filter>Source Files</Filter>
    </ClCompile>
    <ClCompile Include="..\h2shared\msg_io.c">
      <Filter>Source Files</Filter>
    </ClCompile>
    <ClCompile Include="net_dgrm.c">
      <Filter>Source Files</Filter>
    </ClCompile>
    <ClCompile Include="net_main.c">
      <Filter>Source Files</Filter>
    </ClCompile>
    <ClCompile Include="net_win.c">
      <Filter>Source Files</Filter>
    </ClCompile>
    <ClCompile Include="net_wins.c">
      <Filter>Source Files</Filter>
    </ClCompile>
    <ClCompile Include="net_wipx.c">
      <Filter>Source Files</Filter>
    </ClCompile>
    <ClCompile Include="pr_cmds.c">
      <Filter>Source Files</Filter>
    </ClCompile>
    <ClCompile Include="pr_edict.c">
      <Filter>Source Files</Filter>
    </ClCompile>
    <ClCompile Include="pr_exec.c">
      <Filter>Source Files</Filter>
    </ClCompile>
    <ClCompile Include="..\h2shared\host_string.c">
      <Filter>Source Files</Filter>
    </ClCompile>
    <ClCompile Include="..\..\common\q_endian.c">
      <Filter>Source Files</Filter>
    </ClCompile>
    <ClCompile Include="..\..\common\qsnprint.c">
      <Filter>Source Files</Filter>
    </ClCompile>
    <ClCompile Include="..\h2shared\quakefs.c">
      <Filter>Source Files</Filter>
    </ClCompile>
    <ClCompile Include="..\h2shared\sizebuf.c">
      <Filter>Source Files</Filter>
    </ClCompile>
    <ClCompile Include="..\..\common\strlcat.c">
      <Filter>Source Files</Filter>
    </ClCompile>
    <ClCompile Include="..\..\common\strlcpy.c">
      <Filter>Source Files</Filter>
    </ClCompile>
    <ClCompile Include="sv_effect.c">
      <Filter>Source Files</Filter>
    </ClCompile>
    <ClCompile Include="sv_main.c">
      <Filter>Source Files</Filter>
    </ClCompile>
    <ClCompile Include="server\sv_model.c">
      <Filter>Source Files</Filter>
    </ClCompile>
    <ClCompile Include="sv_move.c">
      <Filter>Source Files</Filter>
    </ClCompile>
    <ClCompile Include="sv_phys.c">
      <Filter>Source Files</Filter>
    </ClCompile>
    <ClCompile Include="sv_user.c">
      <Filter>Source Files</Filter>
    </ClCompile>
    <ClCompile Include="server\sys_win.c">
      <Filter>Source Files</Filter>
    </ClCompile>
    <ClCompile Include="world.c">
      <Filter>Source Files</Filter>
    </ClCompile>
    <ClCompile Include="..\h2shared\zone.c">
      <Filter>Source Files</Filter>
    </ClCompile>
  </ItemGroup>
  <ItemGroup>
    <ClInclude Include="..\..\common\arch_def.h">
      <Filter>Header Files</Filter>
    </ClInclude>
    <ClInclude Include="bspfile.h">
      <Filter>Header Files</Filter>
    </ClInclude>
    <ClInclude Include="..\h2shared\cmd.h">
      <Filter>Header Files</Filter>
    </ClInclude>
    <ClInclude Include="..\h2shared\common.h">
      <Filter>Header Files</Filter>
    </ClInclude>
    <ClInclude Include="..\..\common\compiler.h">
      <Filter>Header Files</Filter>
    </ClInclude>
    <ClInclude Include="..\..\common\crc.h">
      <Filter>Header Files</Filter>
    </ClInclude>
    <ClInclude Include="..\h2shared\cvar.h">
      <Filter>Header Files</Filter>
    </ClInclude>
    <ClInclude Include="..\h2shared\debuglog.h">
      <Filter>Header Files</Filter>
    </ClInclude>
    <ClInclude Include="effects.h">
      <Filter>Header Files</Filter>
    </ClInclude>
    <ClInclude Include="..\..\common\genmodel.h">
      <Filter>Header Files</Filter>
    </ClInclude>
    <ClInclude Include="..\h2shared\h2config.h">
      <Filter>Header Files</Filter>
    </ClInclude>
    <ClInclude Include="host.h">
      <Filter>Header Files</Filter>
    </ClInclude>
    <ClInclude Include="..\h2shared\link_ops.h">
      <Filter>Header Files</Filter>
    </ClInclude>
    <ClInclude Include="..\h2shared\mathlib.h">
      <Filter>Header Files</Filter>
    </ClInclude>
    <ClInclude Include="..\h2shared\msg_io.h">
      <Filter>Header Files</Filter>
    </ClInclude>
    <ClInclude Include="net.h">
      <Filter>Header Files</Filter>
    </ClInclude>
    <ClInclude Include="net_dgrm.h">
      <Filter>Header Files</Filter>
    </ClInclude>
    <ClInclude Include="..\..\common\net_sys.h">
      <Filter>Header Files</Filter>
    </ClInclude>
    <ClInclude Include="net_wins.h">
      <Filter>Header Files</Filter>
    </ClInclude>
    <ClInclude Include="net_wipx.h">
      <Filter>Header Files</Filter>
    </ClInclude>
    <ClInclude Include="..\..\common\pakfile.h">
      <Filter>Header Files</Filter>
    </ClInclude>
    <ClInclude Include="..\..\common\pr_comp.h">
      <Filter>Header Files</Filter>
    </ClInclude>
    <ClInclude Include="..\h2shared\host_string.h">
      <Filter>Header Files</Filter>
    </ClInclude>
    <ClInclude Include="..\h2shared\printsys.h">
      <Filter>Header Files</Filter>
    </ClInclude>
    <ClInclude Include="progdefs.h">
      <Filter>Header Files</Filter>
    </ClInclude>
    <ClInclude Include="..\h2shared\progs.h">
      <Filter>Header Files</Filter>
    </ClInclude>
    <ClInclude Include="protocol.h">
      <Filter>Header Files</Filter>
    </ClInclude>
    <ClInclude Include="..\..\common\q_endian.h">
      <Filter>Header Files</Filter>
    </ClInclude>
    <ClInclude Include="..\..\common\q_stdinc.h">
      <Filter>Header Files</Filter>
    </ClInclude>
    <ClInclude Include="quakedef.h">
      <Filter>Header Files</Filter>
    </ClInclude>
    <ClInclude Include="..\h2shared\quakefs.h">
      <Filter>Header Files</Filter>
    </ClInclude>
    <ClInclude Include="quakeinc.h">
      <Filter>Header Files</Filter>
    </ClInclude>
    <ClInclude Include="server.h">
      <Filter>Header Files</Filter>
    </ClInclude>
    <ClInclude Include="..\h2shared\sizebuf.h">
      <Filter>Header Files</Filter>
    </ClInclude>
    <ClInclude Include="..\..\common\spritegn.h">
      <Filter>Header Files</Filter>
    </ClInclude>
    <ClInclude Include="..\h2shared\sv_model.h">
      <Filter>Header Files</Filter>
    </ClInclude>
    <ClInclude Include="..\h2shared\sys.h">
      <Filter>Header Files</Filter>
    </ClInclude>
    <ClInclude Include="world.h">
      <Filter>Header Files</Filter>
    </ClInclude>
    <ClInclude Include="..\h2shared\zone.h">
      <Filter>Header Files</Filter>
    </ClInclude>
  </ItemGroup>
</Project>