<?xml version="1.0" encoding="utf-8"?>
<Project ToolsVersion="4.0" xmlns="http://schemas.microsoft.com/developer/msbuild/2003">
  <ItemGroup>
    <Filter Include="Source Files">
      <UniqueIdentifier>{4FC737F1-C7A5-4376-A066-2A32D752A2FF}</UniqueIdentifier>
      <Extensions>cpp;c;cc;cxx;def;odl;idl;hpj;bat;asm;asmx</Extensions>
    </Filter>
    <Filter Include="Header Files">
      <UniqueIdentifier>{93995380-89BD-4b04-88EB-625FBE52EBFB}</UniqueIdentifier>
      <Extensions>h;hpp;hxx;hm;inl;inc;xsd</Extensions>
    </Filter>
    <Filter Include="Resource Files">
      <UniqueIdentifier>{67DA6AB6-F800-4c08-8B7A-83BB121AAD01}</UniqueIdentifier>
      <Extensions>rc;ico;cur;bmp;dlg;rc2;rct;bin;rgs;gif;jpg;jpeg;jpe;resx;tiff;tif;png;wav</Extensions>
    </Filter>
    <Filter Include="Assembly Files">
      <UniqueIdentifier>{b1ed7377-59f2-4c2e-b948-6be0c1531126}</UniqueIdentifier>
    </Filter>
  </ItemGroup>
  <ItemGroup>
    <ClCompile Include="..\h2shared\bgmusic.c">
      <Filter>Source Files</Filter>
    </ClCompile>
    <ClCompile Include="..\h2shared\cd_win.c">
      <Filter>Source Files</Filter>
    </ClCompile>
    <ClCompile Include="..\h2shared\cfgfile.c">
      <Filter>Source Files</Filter>
    </ClCompile>
    <ClCompile Include="chase.c">
      <Filter>Source Files</Filter>
    </ClCompile>
    <ClCompile Include="cl_cmd.c">
      <Filter>Source Files</Filter>
    </ClCompile>
    <ClCompile Include="cl_demo.c">
      <Filter>Source Files</Filter>
    </ClCompile>
    <ClCompile Include="cl_effect.c">
      <Filter>Source Files</Filter>
    </ClCompile>
    <ClCompile Include="cl_inlude.c">
      <Filter>Source Files</Filter>
    </ClCompile>
    <ClCompile Include="cl_input.c">
      <Filter>Source Files</Filter>
    </ClCompile>
    <ClCompile Include="cl_main.c">
      <Filter>Source Files</Filter>
    </ClCompile>
    <ClCompile Include="cl_parse.c">
      <Filter>Source Files</Filter>
    </ClCompile>
    <ClCompile Include="cl_string.c">
      <Filter>Source Files</Filter>
    </ClCompile>
    <ClCompile Include="cl_tent.c">
      <Filter>Source Files</Filter>
    </ClCompile>
    <ClCompile Include="..\h2shared\cmd.c">
      <Filter>Source Files</Filter>
    </ClCompile>
    <ClCompile Include="..\h2shared\common.c">
      <Filter>Source Files</Filter>
    </ClCompile>
    <ClCompile Include="console.c">
      <Filter>Source Files</Filter>
    </ClCompile>
    <ClCompile Include="..\..\common\crc.c">
      <Filter>Source Files</Filter>
    </ClCompile>
    <ClCompile Include="..\h2shared\cvar.c">
      <Filter>Source Files</Filter>
    </ClCompile>
    <ClCompile Include="..\h2shared\d_edge.c">
      <Filter>Source Files</Filter>
    </ClCompile>
    <ClCompile Include="..\h2shared\d_fill.c">
      <Filter>Source Files</Filter>
    </ClCompile>
    <ClCompile Include="..\h2shared\d_init.c">
      <Filter>Source Files</Filter>
    </ClCompile>
    <ClCompile Include="..\h2shared\d_modech.c">
      <Filter>Source Files</Filter>
    </ClCompile>
    <ClCompile Include="..\h2shared\d_part.c">
      <Filter>Source Files</Filter>
    </ClCompile>
    <ClCompile Include="..\h2shared\d_polyse.c">
      <Filter>Source Files</Filter>
    </ClCompile>
    <ClCompile Include="..\h2shared\d_scan.c">
      <Filter>Source Files</Filter>
    </ClCompile>
    <ClCompile Include="..\h2shared\d_sky.c">
      <Filter>Source Files</Filter>
    </ClCompile>
    <ClCompile Include="..\h2shared\d_sprite.c">
      <Filter>Source Files</Filter>
    </ClCompile>
    <ClCompile Include="..\h2shared\d_surf.c">
      <Filter>Source Files</Filter>
    </ClCompile>
    <ClCompile Include="..\h2shared\d_vars.c">
      <Filter>Source Files</Filter>
    </ClCompile>
    <ClCompile Include="..\h2shared\d_zpoint.c">
      <Filter>Source Files</Filter>
    </ClCompile>
    <ClCompile Include="..\h2shared\debuglog.c">
      <Filter>Source Files</Filter>
    </ClCompile>
    <ClCompile Include="..\h2shared\draw.c">
      <Filter>Source Files</Filter>
    </ClCompile>
    <ClCompile Include="host.c">
      <Filter>Source Files</Filter>
    </ClCompile>
    <ClCompile Include="host_cmd.c">
      <Filter>Source Files</Filter>
    </ClCompile>
    <ClCompile Include="..\h2shared\in_win.c">
      <Filter>Source Files</Filter>
    </ClCompile>
    <ClCompile Include="keys.c">
      <Filter>Source Files</Filter>
    </ClCompile>
    <ClCompile Include="..\h2shared\link_ops.c">
      <Filter>Source Files</Filter>
    </ClCompile>
    <ClCompile Include="..\h2shared\mathlib.c">
      <Filter>Source Files</Filter>
    </ClCompile>
    <ClCompile Include="menu.c">
      <Filter>Source Files</Filter>
    </ClCompile>
    <ClCompile Include="..\h2shared\mid2strm.c">
      <Filter>Source Files</Filter>
    </ClCompile>
    <ClCompile Include="..\h2shared\midi_win.c">
      <Filter>Source Files</Filter>
    </ClCompile>
    <ClCompile Include="model.c">
      <Filter>Source Files</Filter>
    </ClCompile>
    <ClCompile Include="..\h2shared\msg_io.c">
      <Filter>Source Files</Filter>
    </ClCompile>
    <ClCompile Include="net_dgrm.c">
      <Filter>Source Files</Filter>
    </ClCompile>
    <ClCompile Include="net_loop.c">
      <Filter>Source Files</Filter>
    </ClCompile>
    <ClCompile Include="net_main.c">
      <Filter>Source Files</Filter>
    </ClCompile>
    <ClCompile Include="net_win.c">
      <Filter>Source Files</Filter>
    </ClCompile>
    <ClCompile Include="net_wins.c">
      <Filter>Source Files</Filter>
    </ClCompile>
    <ClCompile Include="net_wipx.c">
      <Filter>Source Files</Filter>
    </ClCompile>
    <ClCompile Include="pr_cmds.c">
      <Filter>Source Files</Filter>
    </ClCompile>
    <ClCompile Include="pr_edict.c">
      <Filter>Source Files</Filter>
    </ClCompile>
    <ClCompile Include="pr_exec.c">
      <Filter>Source Files</Filter>
    </ClCompile>
    <ClCompile Include="..\h2shared\host_string.c">
      <Filter>Source Files</Filter>
    </ClCompile>
    <ClCompile Include="..\..\common\q_endian.c">
      <Filter>Source Files</Filter>
    </ClCompile>
    <ClCompile Include="..\..\common\qsnprint.c">
      <Filter>Source Files</Filter>
    </ClCompile>
    <ClCompile Include="..\h2shared\quakefs.c">
      <Filter>Source Files</Filter>
    </ClCompile>
    <ClCompile Include="..\h2shared\r_aclip.c">
      <Filter>Source Files</Filter>
    </ClCompile>
    <ClCompile Include="r_alias.c">
      <Filter>Source Files</Filter>
    </ClCompile>
    <ClCompile Include="..\h2shared\r_bsp.c">
      <Filter>Source Files</Filter>
    </ClCompile>
    <ClCompile Include="..\h2shared\r_draw.c">
      <Filter>Source Files</Filter>
    </ClCompile>
    <ClCompile Include="..\h2shared\r_edge.c">
      <Filter>Source Files</Filter>
    </ClCompile>
    <ClCompile Include="..\h2shared\r_efrag.c">
      <Filter>Source Files</Filter>
    </ClCompile>
    <ClCompile Include="..\h2shared\r_light.c">
      <Filter>Source Files</Filter>
    </ClCompile>
    <ClCompile Include="r_main.c">
      <Filter>Source Files</Filter>
    </ClCompile>
    <ClCompile Include="r_misc.c">
      <Filter>Source Files</Filter>
    </ClCompile>
    <ClCompile Include="r_part.c">
      <Filter>Source Files</Filter>
    </ClCompile>
    <ClCompile Include="..\h2shared\r_sky.c">
      <Filter>Source Files</Filter>
    </ClCompile>
    <ClCompile Include="..\h2shared\r_sprite.c">
      <Filter>Source Files</Filter>
    </ClCompile>
    <ClCompile Include="..\h2shared\r_surf.c">
      <Filter>Source Files</Filter>
    </ClCompile>
    <ClCompile Include="..\h2shared\r_vars.c">
      <Filter>Source Files</Filter>
    </ClCompile>
    <ClCompile Include="sbar.c">
      <Filter>Source Files</Filter>
    </ClCompile>
    <ClCompile Include="..\h2shared\screen.c">
      <Filter>Source Files</Filter>
    </ClCompile>
    <ClCompile Include="..\h2shared\sizebuf.c">
      <Filter>Source Files</Filter>
    </ClCompile>
    <ClCompile Include="..\h2shared\snd_codec.c">
      <Filter>Source Files</Filter>
    </ClCompile>
    <ClCompile Include="..\h2shared\snd_dma.c">
      <Filter>Source Files</Filter>
    </ClCompile>
    <ClCompile Include="..\h2shared\snd_dsound.c">
      <Filter>Source Files</Filter>
    </ClCompile>
    <ClCompile Include="..\h2shared\snd_flac.c">
      <Filter>Source Files</Filter>
    </ClCompile>
    <ClCompile Include="..\h2shared\snd_mem.c">
      <Filter>Source Files</Filter>
    </ClCompile>
    <ClCompile Include="..\h2shared\snd_mikmod.c">
      <Filter>Source Files</Filter>
    </ClCompile>
    <ClCompile Include="..\h2shared\snd_mix.c">
      <Filter>Source Files</Filter>
    </ClCompile>
    <ClCompile Include="..\h2shared\snd_mp3.c">
      <Filter>Source Files</Filter>
    </ClCompile>
    <ClCompile Include="..\h2shared\snd_mp3tag.c">
      <Filter>Source Files</Filter>
    </ClCompile>
    <ClCompile Include="..\h2shared\snd_opus.c">
      <Filter>Source Files</Filter>
    </ClCompile>
    <ClCompile Include="..\h2shared\snd_sys.c">
      <Filter>Source Files</Filter>
    </ClCompile>
    <ClCompile Include="..\h2shared\snd_umx.c">
      <Filter>Source Files</Filter>
    </ClCompile>
    <ClCompile Include="..\h2shared\snd_vorbis.c">
      <Filter>Source Files</Filter>
    </ClCompile>
    <ClCompile Include="..\h2shared\snd_wave.c">
      <Filter>Source Files</Filter>
    </ClCompile>
    <ClCompile Include="..\h2shared\snd_xmp.c">
      <Filter>Source Files</Filter>
    </ClCompile>
    <ClCompile Include="..\h2shared\snd_win.c">
      <Filter>Source Files</Filter>
    </ClCompile>
    <ClCompile Include="..\..\common\strlcat.c">
      <Filter>Source Files</Filter>
    </ClCompile>
    <ClCompile Include="..\..\common\strlcpy.c">
      <Filter>Source Files</Filter>
    </ClCompile>
    <ClCompile Include="sv_effect.c">
      <Filter>Source Files</Filter>
    </ClCompile>
    <ClCompile Include="sv_main.c">
      <Filter>Source Files</Filter>
    </ClCompile>
    <ClCompile Include="sv_move.c">
      <Filter>Source Files</Filter>
    </ClCompile>
    <ClCompile Include="sv_phys.c">
      <Filter>Source Files</Filter>
    </ClCompile>
    <ClCompile Include="sv_user.c">
      <Filter>Source Files</Filter>
    </ClCompile>
    <ClCompile Include="sys_win.c">
      <Filter>Source Files</Filter>
    </ClCompile>
    <ClCompile Include="..\h2shared\vid_win.c">
      <Filter>Source Files</Filter>
    </ClCompile>
    <ClCompile Include="view.c">
      <Filter>Source Files</Filter>
    </ClCompile>
    <ClCompile Include="..\h2shared\wad.c">
      <Filter>Source Files</Filter>
    </ClCompile>
    <ClCompile Include="world.c">
      <Filter>Source Files</Filter>
    </ClCompile>
    <ClCompile Include="..\h2shared\zone.c">
      <Filter>Source Files</Filter>
    </ClCompile>
  </ItemGroup>
  <ItemGroup>
    <ClInclude Include="..\..\common\adivtab.h">
      <Filter>Header Files</Filter>
    </ClInclude>
    <ClInclude Include="..\..\common\anorms.h">
      <Filter>Header Files</Filter>
    </ClInclude>
    <ClInclude Include="..\..\common\arch_def.h">
      <Filter>Header Files</Filter>
    </ClInclude>
    <ClInclude Include="..\h2shared\bgmusic.h">
      <Filter>Header Files</Filter>
    </ClInclude>
    <ClInclude Include="bspfile.h">
      <Filter>Header Files</Filter>
    </ClInclude>
    <ClInclude Include="..\h2shared\cdaudio.h">
      <Filter>Header Files</Filter>
    </ClInclude>
    <ClInclude Include="..\h2shared\cfgfile.h">
      <Filter>Header Files</Filter>
    </ClInclude>
    <ClInclude Include="client.h">
      <Filter>Header Files</Filter>
    </ClInclude>
    <ClInclude Include="..\h2shared\cmd.h">
      <Filter>Header Files</Filter>
    </ClInclude>
    <ClInclude Include="..\h2shared\common.h">
      <Filter>Header Files</Filter>
    </ClInclude>
    <ClInclude Include="..\..\common\compiler.h">
      <Filter>Header Files</Filter>
    </ClInclude>
    <ClInclude Include="..\h2shared\console.h">
      <Filter>Header Files</Filter>
    </ClInclude>
    <ClInclude Include="..\..\common\crc.h">
      <Filter>Header Files</Filter>
    </ClInclude>
    <ClInclude Include="..\h2shared\cvar.h">
      <Filter>Header Files</Filter>
    </ClInclude>
    <ClInclude Include="..\h2shared\d_iface.h">
      <Filter>Header Files</Filter>
    </ClInclude>
    <ClInclude Include="..\h2shared\d_local.h">
      <Filter>Header Files</Filter>
    </ClInclude>
    <ClInclude Include="..\h2shared\debuglog.h">
      <Filter>Header Files</Filter>
    </ClInclude>
    <ClInclude Include="..\h2shared\draw.h">
      <Filter>Header Files</Filter>
    </ClInclude>
    <ClInclude Include="effects.h">
      <Filter>Header Files</Filter>
    </ClInclude>
    <ClInclude Include="..\..\common\genmodel.h">
      <Filter>Header Files</Filter>
    </ClInclude>
    <ClInclude Include="..\h2shared\h2config.h">
      <Filter>Header Files</Filter>
    </ClInclude>
    <ClInclude Include="host.h">
      <Filter>Header Files</Filter>
    </ClInclude>
    <ClInclude Include="..\..\common\hwal.h">
      <Filter>Header Files</Filter>
    </ClInclude>
    <ClInclude Include="..\h2shared\input.h">
      <Filter>Header Files</Filter>
    </ClInclude>
    <ClInclude Include="..\h2shared\keys.h">
      <Filter>Header Files</Filter>
    </ClInclude>
    <ClInclude Include="..\h2shared\link_ops.h">
      <Filter>Header Files</Filter>
    </ClInclude>
    <ClInclude Include="..\h2shared\mathlib.h">
      <Filter>Header Files</Filter>
    </ClInclude>
    <ClInclude Include="menu.h">
      <Filter>Header Files</Filter>
    </ClInclude>
    <ClInclude Include="..\h2shared\mid2strm.h">
      <Filter>Header Files</Filter>
    </ClInclude>
    <ClInclude Include="..\h2shared\midi_drv.h">
      <Filter>Header Files</Filter>
    </ClInclude>
    <ClInclude Include="..\..\common\midifile.h">
      <Filter>Header Files</Filter>
    </ClInclude>
    <ClInclude Include="..\h2shared\model.h">
      <Filter>Header Files</Filter>
    </ClInclude>
    <ClInclude Include="..\h2shared\msg_io.h">
      <Filter>Header Files</Filter>
    </ClInclude>
    <ClInclude Include="net.h">
      <Filter>Header Files</Filter>
    </ClInclude>
    <ClInclude Include="net_dgrm.h">
      <Filter>Header Files</Filter>
    </ClInclude>
    <ClInclude Include="net_loop.h">
      <Filter>Header Files</Filter>
    </ClInclude>
    <ClInclude Include="..\..\common\net_sys.h">
      <Filter>Header Files</Filter>
    </ClInclude>
    <ClInclude Include="net_wins.h">
      <Filter>Header Files</Filter>
    </ClInclude>
    <ClInclude Include="net_wipx.h">
      <Filter>Header Files</Filter>
    </ClInclude>
    <ClInclude Include="..\..\common\pakfile.h">
      <Filter>Header Files</Filter>
    </ClInclude>
    <ClInclude Include="particle.h">
      <Filter>Header Files</Filter>
    </ClInclude>
    <ClInclude Include="..\..\common\pr_comp.h">
      <Filter>Header Files</Filter>
    </ClInclude>
    <ClInclude Include="..\h2shared\host_string.h">
      <Filter>Header Files</Filter>
    </ClInclude>
    <ClInclude Include="..\h2shared\printsys.h">
      <Filter>Header Files</Filter>
    </ClInclude>
    <ClInclude Include="progdefs.h">
      <Filter>Header Files</Filter>
    </ClInclude>
    <ClInclude Include="..\h2shared\progs.h">
      <Filter>Header Files</Filter>
    </ClInclude>
    <ClInclude Include="protocol.h">
      <Filter>Header Files</Filter>
    </ClInclude>
    <ClInclude Include="..\..\common\q_endian.h">
      <Filter>Header Files</Filter>
    </ClInclude>
    <ClInclude Include="..\h2shared\q_sound.h">
      <Filter>Header Files</Filter>
    </ClInclude>
    <ClInclude Include="..\..\common\q_stdinc.h">
      <Filter>Header Files</Filter>
    </ClInclude>
    <ClInclude Include="quakedef.h">
      <Filter>Header Files</Filter>
    </ClInclude>
    <ClInclude Include="..\h2shared\quakefs.h">
      <Filter>Header Files</Filter>
    </ClInclude>
    <ClInclude Include="quakeinc.h">
      <Filter>Header Files</Filter>
    </ClInclude>
    <ClInclude Include="..\h2shared\r_local.h">
      <Filter>Header Files</Filter>
    </ClInclude>
    <ClInclude Include="r_part.h">
      <Filter>Header Files</Filter>
    </ClInclude>
    <ClInclude Include="..\h2shared\r_shared.h">
      <Filter>Header Files</Filter>
    </ClInclude>
    <ClInclude Include="render.h">
      <Filter>Header Files</Filter>
    </ClInclude>
    <ClInclude Include="..\h2shared\sbar.h">
      <Filter>Header Files</Filter>
    </ClInclude>
    <ClInclude Include="..\h2shared\screen.h">
      <Filter>Header Files</Filter>
    </ClInclude>
    <ClInclude Include="server.h">
      <Filter>Header Files</Filter>
    </ClInclude>
    <ClInclude Include="..\h2shared\sizebuf.h">
      <Filter>Header Files</Filter>
    </ClInclude>
    <ClInclude Include="..\h2shared\snd_codec.h">
      <Filter>Header Files</Filter>
    </ClInclude>
    <ClInclude Include="..\h2shared\snd_codeci.h">
      <Filter>Header Files</Filter>
    </ClInclude>
    <ClInclude Include="..\h2shared\snd_dsound.h">
      <Filter>Header Files</Filter>
    </ClInclude>
    <ClInclude Include="..\h2shared\snd_flac.h">
      <Filter>Header Files</Filter>
    </ClInclude>
    <ClInclude Include="..\h2shared\snd_mikmod.h">
      <Filter>Header Files</Filter>
    </ClInclude>
    <ClInclude Include="..\h2shared\snd_mp3.h">
      <Filter>Header Files</Filter>
    </ClInclude>
    <ClInclude Include="..\h2shared\snd_opus.h">
      <Filter>Header Files</Filter>
    </ClInclude>
    <ClInclude Include="..\h2shared\snd_sys.h">
      <Filter>Header Files</Filter>
    </ClInclude>
    <ClInclude Include="..\h2shared\snd_timidity.h">
      <Filter>Header Files</Filter>
    </ClInclude>
    <ClInclude Include="..\h2shared\snd_umx.h">
      <Filter>Header Files</Filter>
    </ClInclude>
    <ClInclude Include="..\h2shared\snd_vorbis.h">
      <Filter>Header Files</Filter>
    </ClInclude>
    <ClInclude Include="..\h2shared\snd_wave.h">
      <Filter>Header Files</Filter>
    </ClInclude>
    <ClInclude Include="..\h2shared\snd_wildmidi.h">
      <Filter>Header Files</Filter>
    </ClInclude>
    <ClInclude Include="..\h2shared\snd_xmp.h">
      <Filter>Header Files</Filter>
    </ClInclude>
    <ClInclude Include="..\h2shared\snd_win.h">
      <Filter>Header Files</Filter>
    </ClInclude>
    <ClInclude Include="..\..\common\spritegn.h">
      <Filter>Header Files</Filter>
    </ClInclude>
    <ClInclude Include="..\..\common\strl_fn.h">
      <Filter>Header Files</Filter>
    </ClInclude>
    <ClInclude Include="..\h2shared\sys.h">
      <Filter>Header Files</Filter>
    </ClInclude>
    <ClInclude Include="..\h2shared\vid.h">
      <Filter>Header Files</Filter>
    </ClInclude>
    <ClInclude Include="..\h2shared\view.h">
      <Filter>Header Files</Filter>
    </ClInclude>
    <ClInclude Include="..\h2shared\wad.h">
      <Filter>Header Files</Filter>
    </ClInclude>
    <ClInclude Include="..\h2shared\winquake.h">
      <Filter>Header Files</Filter>
    </ClInclude>
    <ClInclude Include="world.h">
      <Filter>Header Files</Filter>
    </ClInclude>
    <ClInclude Include="..\h2shared\zone.h">
      <Filter>Header Files</Filter>
    </ClInclude>
    <ClInclude Include="..\h2shared\resource.h">
      <Filter>Resource Files</Filter>
    </ClInclude>
  </ItemGroup>
  <ItemGroup>
    <None Include="..\resource\h2mp.ico">
      <Filter>Resource Files</Filter>
    </None>
    <None Include="..\resource\hexen2.bmp">
      <Filter>Resource Files</Filter>
    </None>
    <None Include="..\resource\hexen2.ico">
      <Filter>Resource Files</Filter>
    </None>
  </ItemGroup>
  <ItemGroup>
    <ResourceCompile Include="..\h2shared\win32res.rc">
      <Filter>Resource Files</Filter>
    </ResourceCompile>
  </ItemGroup>
  <ItemGroup>
    <MASM Include="..\h2shared\masm\d_draw.asm">
      <Filter>Assembly Files</Filter>
    </MASM>
    <MASM Include="..\h2shared\masm\d_draw16.asm">
      <Filter>Assembly Files</Filter>
    </MASM>
    <MASM Include="..\h2shared\masm\d_draw16t.asm">
      <Filter>Assembly Files</Filter>
    </MASM>
    <MASM Include="..\h2shared\masm\d_parta.asm">
      <Filter>Assembly Files</Filter>
    </MASM>
    <MASM Include="..\h2shared\masm\d_partb.asm">
      <Filter>Assembly Files</Filter>
    </MASM>
    <MASM Include="..\h2shared\masm\d_polysa.asm">
      <Filter>Assembly Files</Filter>
    </MASM>
    <MASM Include="..\h2shared\masm\d_polysa2.asm">
      <Filter>Assembly Files</Filter>
    </MASM>
    <MASM Include="..\h2shared\masm\d_polysa3.asm">
      <Filter>Assembly Files</Filter>
    </MASM>
    <MASM Include="..\h2shared\masm\d_polysa4.asm">
      <Filter>Assembly Files</Filter>
    </MASM>
    <MASM Include="..\h2shared\masm\d_polysa5.asm">
      <Filter>Assembly Files</Filter>
    </MASM>
    <MASM Include="..\h2shared\masm\d_scana.asm">
      <Filter>Assembly Files</Filter>
    </MASM>
    <MASM Include="..\h2shared\masm\d_spr8.asm">
      <Filter>Assembly Files</Filter>
    </MASM>
    <MASM Include="..\h2shared\masm\d_spr8t.asm">
      <Filter>Assembly Files</Filter>
    </MASM>
    <MASM Include="..\h2shared\masm\d_spr8t2.asm">
      <Filter>Assembly Files</Filter>
    </MASM>
    <MASM Include="..\h2shared\masm\d_varsa.asm">
      <Filter>Assembly Files</Filter>
    </MASM>
    <MASM Include="..\h2shared\masm\ftol.asm">
      <Filter>Assembly Files</Filter>
    </MASM>
    <MASM Include="..\h2shared\masm\math.asm">
      <Filter>Assembly Files</Filter>
    </MASM>
    <MASM Include="..\h2shared\masm\r_aclipa.asm">
      <Filter>Assembly Files</Filter>
    </MASM>
    <MASM Include="..\h2shared\masm\r_aliasa.asm">
      <Filter>Assembly Files</Filter>
    </MASM>
    <MASM Include="..\h2shared\masm\r_drawa.asm">
      <Filter>Assembly Files</Filter>
    </MASM>
    <MASM Include="..\h2shared\masm\r_edgea.asm">
      <Filter>Assembly Files</Filter>
    </MASM>
    <MASM Include="..\h2shared\masm\r_edgeb.asm">
      <Filter>Assembly Files</Filter>
    </MASM>
    <MASM Include="..\h2shared\masm\r_varsa.asm">
      <Filter>Assembly Files</Filter>
    </MASM>
    <MASM Include="..\h2shared\masm\snd_mixa.asm">
      <Filter>Assembly Files</Filter>
    </MASM>
    <MASM Include="..\h2shared\masm\surf16.asm">
      <Filter>Assembly Files</Filter>
    </MASM>
    <MASM Include="..\h2shared\masm\surf8.asm">
      <Filter>Assembly Files</Filter>
    </MASM>
    <MASM Include="..\h2shared\masm\sys_ia32.asm">
      <Filter>Assembly Files</Filter>
    </MASM>
    <MASM Include="..\h2shared\masm\worlda.asm">
      <Filter>Assembly Files</Filter>
    </MASM>
  </ItemGroup>
</Project>