
Microsoft Visual Studio Solution File, Format Version 10.00
# Visual Studio 2008
Project("{8BC9CEB8-8B4A-11D0-8D11-00A0C91BC942}") = "hwmquery", "hwmquery\hwmquery.vcproj", "{B73EC6BA-5AAC-498D-86A6-39DED6940DD5}"
EndProject
Project("{8BC9CEB8-8B4A-11D0-8D11-00A0C91BC942}") = "hwrcon", "hwrcon\hwrcon.vcproj", "{3DF865B8-1E8C-4056-B2CB-850A71BE9723}"
EndProject
Project("{8BC9CEB8-8B4A-11D0-8D11-00A0C91BC942}") = "hwterm", "hwrcon\hwterm.vcproj", "{47C801F6-EDE5-466A-B52A-FB3BEEFDAC72}"
EndProject
Global
	GlobalSection(SolutionConfigurationPlatforms) = preSolution
		Debug|Win32 = Debug|Win32
		Debug|x64 = Debug|x64
		Release|Win32 = Release|Win32
		Release|x64 = Release|x64
	EndGlobalSection
	GlobalSection(ProjectConfigurationPlatforms) = postSolution
		{B73EC6BA-5AAC-498D-86A6-39DED6940DD5}.Debug|Win32.ActiveCfg = Debug|Win32
		{B73EC6BA-5AAC-498D-86A6-39DED6940DD5}.Debug|Win32.Build.0 = Debug|Win32
		{B73EC6BA-5AAC-498D-86A6-39DED6940DD5}.Debug|x64.ActiveCfg = Debug|x64
		{B73EC6BA-5AAC-498D-86A6-39DED6940DD5}.Debug|x64.Build.0 = Debug|x64
		{B73EC6BA-5AAC-498D-86A6-39DED6940DD5}.Release|Win32.ActiveCfg = Release|Win32
		{B73EC6BA-5AAC-498D-86A6-39DED6940DD5}.Release|Win32.Build.0 = Release|Win32
		{B73EC6BA-5AAC-498D-86A6-39DED6940DD5}.Release|x64.ActiveCfg = Release|x64
		{B73EC6BA-5AAC-498D-86A6-39DED6940DD5}.Release|x64.Build.0 = Release|x64
		{3DF865B8-1E8C-4056-B2CB-850A71BE9723}.Debug|Win32.ActiveCfg = Debug|Win32
		{3DF865B8-1E8C-4056-B2CB-850A71BE9723}.Debug|Win32.Build.0 = Debug|Win32
		{3DF865B8-1E8C-4056-B2CB-850A71BE9723}.Debug|x64.ActiveCfg = Debug|x64
		{3DF865B8-1E8C-4056-B2CB-850A71BE9723}.Debug|x64.Build.0 = Debug|x64
		{3DF865B8-1E8C-4056-B2CB-850A71BE9723}.Release|Win32.ActiveCfg = Release|Win32
		{3DF865B8-1E8C-4056-B2CB-850A71BE9723}.Release|Win32.Build.0 = Release|Win32
		{3DF865B8-1E8C-4056-B2CB-850A71BE9723}.Release|x64.ActiveCfg = Release|x64
		{3DF865B8-1E8C-4056-B2CB-850A71BE9723}.Release|x64.Build.0 = Release|x64
		{47C801F6-EDE5-466A-B52A-FB3BEEFDAC72}.Debug|Win32.ActiveCfg = Debug|Win32
		{47C801F6-EDE5-466A-B52A-FB3BEEFDAC72}.Debug|Win32.Build.0 = Debug|Win32
		{47C801F6-EDE5-466A-B52A-FB3BEEFDAC72}.Debug|x64.ActiveCfg = Debug|x64
		{47C801F6-EDE5-466A-B52A-FB3BEEFDAC72}.Debug|x64.Build.0 = Debug|x64
		{47C801F6-EDE5-466A-B52A-FB3BEEFDAC72}.Release|Win32.ActiveCfg = Release|Win32
		{47C801F6-EDE5-466A-B52A-FB3BEEFDAC72}.Release|Win32.Build.0 = Release|Win32
		{47C801F6-EDE5-466A-B52A-FB3BEEFDAC72}.Release|x64.ActiveCfg = Release|x64
		{47C801F6-EDE5-466A-B52A-FB3BEEFDAC72}.Release|x64.Build.0 = Release|x64
	EndGlobalSection
	GlobalSection(SolutionProperties) = preSolution
		HideSolutionNode = FALSE
	EndGlobalSection
EndGlobal
